
Microsoft Visual Studio Solution File, Format Version 12.00
Project("{FAE04EC0-301F-11D3-BF4B-00C04F79EFBC}") = "UiLayer", "UiLayer\UiLayer.csproj", "{EE5EDCFB-467E-49B7-8999-11C5E08F95A3}"
EndProject
Project("{FAE04EC0-301F-11D3-BF4B-00C04F79EFBC}") = "TabletLib", "TabletLib\TabletLib.csproj", "{09DCF301-0655-44C6-AA57-53535C843294}"
EndProject
Project("{FAE04EC0-301F-11D3-BF4B-00C04F79EFBC}") = "DataLayer", "DataLayer\DataLayer.csproj", "{CA2A2F2C-E2E8-45CA-ADB2-48CA03480CED}"
EndProject
Project("{FAE04EC0-301F-11D3-BF4B-00C04F79EFBC}") = "TabletLib.TestUI", "TabletLib.TestUI\TabletLib.TestUI.csproj", "{37381EE4-6E68-466A-9065-B14374A3E30A}"
EndProject
Global
	GlobalSection(SolutionConfigurationPlatforms) = preSolution
		Debug|Any CPU = Debug|Any CPU
		Release|Any CPU = Release|Any CPU
	EndGlobalSection
	GlobalSection(ProjectConfigurationPlatforms) = postSolution
		{EE5EDCFB-467E-49B7-8999-11C5E08F95A3}.Debug|Any CPU.ActiveCfg = Debug|Any CPU
		{EE5EDCFB-467E-49B7-8999-11C5E08F95A3}.Debug|Any CPU.Build.0 = Debug|Any CPU
		{EE5EDCFB-467E-49B7-8999-11C5E08F95A3}.Release|Any CPU.ActiveCfg = Release|Any CPU
		{EE5EDCFB-467E-49B7-8999-11C5E08F95A3}.Release|Any CPU.Build.0 = Release|Any CPU
		{09DCF301-0655-44C6-AA57-53535C843294}.Debug|Any CPU.ActiveCfg = Debug|Any CPU
		{09DCF301-0655-44C6-AA57-53535C843294}.Debug|Any CPU.Build.0 = Debug|Any CPU
		{09DCF301-0655-44C6-AA57-53535C843294}.Release|Any CPU.ActiveCfg = Release|Any CPU
		{09DCF301-0655-44C6-AA57-53535C843294}.Release|Any CPU.Build.0 = Release|Any CPU
		{CA2A2F2C-E2E8-45CA-ADB2-48CA03480CED}.Debug|Any CPU.ActiveCfg = Debug|Any CPU
		{CA2A2F2C-E2E8-45CA-ADB2-48CA03480CED}.Debug|Any CPU.Build.0 = Debug|Any CPU
		{CA2A2F2C-E2E8-45CA-ADB2-48CA03480CED}.Release|Any CPU.ActiveCfg = Release|Any CPU
		{CA2A2F2C-E2E8-45CA-ADB2-48CA03480CED}.Release|Any CPU.Build.0 = Release|Any CPU
		{37381EE4-6E68-466A-9065-B14374A3E30A}.Debug|Any CPU.ActiveCfg = Debug|Any CPU
		{37381EE4-6E68-466A-9065-B14374A3E30A}.Debug|Any CPU.Build.0 = Debug|Any CPU
		{37381EE4-6E68-466A-9065-B14374A3E30A}.Release|Any CPU.ActiveCfg = Release|Any CPU
		{37381EE4-6E68-466A-9065-B14374A3E30A}.Release|Any CPU.Build.0 = Release|Any CPU
	EndGlobalSection
EndGlobal
